
Microsoft Visual Studio Solution File, Format Version 12.00
# Visual Studio Version 17
VisualStudioVersion = 17.4.33015.44
MinimumVisualStudioVersion = 10.0.40219.1
Project("{9A19103F-16F7-4668-BE54-9A1E7A4F7556}") = "CreateGlibb.Api", "CreateGlibb.Api.csproj", "{8FE35EE9-8D61-4FBB-978A-0E6BAB018B1A}"
EndProject
Project("{9A19103F-16F7-4668-BE54-9A1E7A4F7556}") = "CreateGlibb.Api.Tests", "..\..\..\..\..\tests\backend\services\create-glibb\CreateGlibb.Api.Tests\CreateGlibb.Api.Tests.csproj", "{17159C0F-B749-4107-BE9E-E9FE2E44C66C}"
EndProject
Project("{9A19103F-16F7-4668-BE54-9A1E7A4F7556}") = "CreateGlibb.MessageService", "..\CreateGlibb.MessageService\CreateGlibb.MessageService.csproj", "{FAF3034F-3F17-483D-8916-8BA88AF10C38}"
EndProject
Project("{FAE04EC0-301F-11D3-BF4B-00C04F79EFBC}") = "Library.Redis", "..\Library.Redis\Library.Redis.csproj", "{69C95D4F-91D7-4115-B9E9-3DCE7867E4DD}"
EndProject
Project("{FAE04EC0-301F-11D3-BF4B-00C04F79EFBC}") = "Contracts", "..\Contracts\Contracts.csproj", "{412ECD26-725A-4228-B928-97326EC7F132}"
EndProject
Global
	GlobalSection(SolutionConfigurationPlatforms) = preSolution
		Debug|Any CPU = Debug|Any CPU
		Release|Any CPU = Release|Any CPU
	EndGlobalSection
	GlobalSection(ProjectConfigurationPlatforms) = postSolution
		{8FE35EE9-8D61-4FBB-978A-0E6BAB018B1A}.Debug|Any CPU.ActiveCfg = Debug|Any CPU
		{8FE35EE9-8D61-4FBB-978A-0E6BAB018B1A}.Debug|Any CPU.Build.0 = Debug|Any CPU
		{8FE35EE9-8D61-4FBB-978A-0E6BAB018B1A}.Release|Any CPU.ActiveCfg = Release|Any CPU
		{8FE35EE9-8D61-4FBB-978A-0E6BAB018B1A}.Release|Any CPU.Build.0 = Release|Any CPU
		{17159C0F-B749-4107-BE9E-E9FE2E44C66C}.Debug|Any CPU.ActiveCfg = Debug|Any CPU
		{17159C0F-B749-4107-BE9E-E9FE2E44C66C}.Debug|Any CPU.Build.0 = Debug|Any CPU
		{17159C0F-B749-4107-BE9E-E9FE2E44C66C}.Release|Any CPU.ActiveCfg = Release|Any CPU
		{17159C0F-B749-4107-BE9E-E9FE2E44C66C}.Release|Any CPU.Build.0 = Release|Any CPU
		{FAF3034F-3F17-483D-8916-8BA88AF10C38}.Debug|Any CPU.ActiveCfg = Debug|Any CPU
		{FAF3034F-3F17-483D-8916-8BA88AF10C38}.Debug|Any CPU.Build.0 = Debug|Any CPU
		{FAF3034F-3F17-483D-8916-8BA88AF10C38}.Release|Any CPU.ActiveCfg = Release|Any CPU
		{FAF3034F-3F17-483D-8916-8BA88AF10C38}.Release|Any CPU.Build.0 = Release|Any CPU
		{69C95D4F-91D7-4115-B9E9-3DCE7867E4DD}.Debug|Any CPU.ActiveCfg = Debug|Any CPU
		{69C95D4F-91D7-4115-B9E9-3DCE7867E4DD}.Debug|Any CPU.Build.0 = Debug|Any CPU
		{69C95D4F-91D7-4115-B9E9-3DCE7867E4DD}.Release|Any CPU.ActiveCfg = Release|Any CPU
		{69C95D4F-91D7-4115-B9E9-3DCE7867E4DD}.Release|Any CPU.Build.0 = Release|Any CPU
		{412ECD26-725A-4228-B928-97326EC7F132}.Debug|Any CPU.ActiveCfg = Debug|Any CPU
		{412ECD26-725A-4228-B928-97326EC7F132}.Debug|Any CPU.Build.0 = Debug|Any CPU
		{412ECD26-725A-4228-B928-97326EC7F132}.Release|Any CPU.ActiveCfg = Release|Any CPU
		{412ECD26-725A-4228-B928-97326EC7F132}.Release|Any CPU.Build.0 = Release|Any CPU
	EndGlobalSection
	GlobalSection(SolutionProperties) = preSolution
		HideSolutionNode = FALSE
	EndGlobalSection
	GlobalSection(ExtensibilityGlobals) = postSolution
		SolutionGuid = {55EFBAF3-02D7-47E4-B2E4-9E165AA11440}
	EndGlobalSection
EndGlobal
